// !$*UTF8*$!
{
	archiveVersion = 1;
	classes = {
	};
	objectVersion = 55;
	objects = {

/* Begin PBXBuildFile section */
		F2A340C6270D9B2D002E7B25 /* ObjectPool.swift in Sources */ = {isa = PBXBuildFile; fileRef = F2A340C5270D9B2D002E7B25 /* ObjectPool.swift */; };
		F2A340C8270D9D9E002E7B25 /* ObjectPoolController.swift in Sources */ = {isa = PBXBuildFile; fileRef = F2A340C7270D9D9E002E7B25 /* ObjectPoolController.swift */; };
		F2A340CC270DA0B7002E7B25 /* EventBusController.swift in Sources */ = {isa = PBXBuildFile; fileRef = F2A340CB270DA0B7002E7B25 /* EventBusController.swift */; };
		F2B5E5F92701C30100C85531 /* AppDelegate.swift in Sources */ = {isa = PBXBuildFile; fileRef = F2B5E5F82701C30100C85531 /* AppDelegate.swift */; };
		F2B5E5FB2701C30100C85531 /* SceneDelegate.swift in Sources */ = {isa = PBXBuildFile; fileRef = F2B5E5FA2701C30100C85531 /* SceneDelegate.swift */; };
		F2B5E5FD2701C30100C85531 /* ViewController.swift in Sources */ = {isa = PBXBuildFile; fileRef = F2B5E5FC2701C30100C85531 /* ViewController.swift */; };
		F2B5E6002701C30100C85531 /* Main.storyboard in Resources */ = {isa = PBXBuildFile; fileRef = F2B5E5FE2701C30100C85531 /* Main.storyboard */; };
		F2B5E6022701C30300C85531 /* Assets.xcassets in Resources */ = {isa = PBXBuildFile; fileRef = F2B5E6012701C30300C85531 /* Assets.xcassets */; };
		F2B5E6052701C30300C85531 /* LaunchScreen.storyboard in Resources */ = {isa = PBXBuildFile; fileRef = F2B5E6032701C30300C85531 /* LaunchScreen.storyboard */; };
		F2B5E6102701C30300C85531 /* WKWebViewTests.swift in Sources */ = {isa = PBXBuildFile; fileRef = F2B5E60F2701C30300C85531 /* WKWebViewTests.swift */; };
		F2B5E61A2701C30300C85531 /* WKWebViewUITests.swift in Sources */ = {isa = PBXBuildFile; fileRef = F2B5E6192701C30300C85531 /* WKWebViewUITests.swift */; };
		F2B5E61C2701C30300C85531 /* WKWebViewUITestsLaunchTests.swift in Sources */ = {isa = PBXBuildFile; fileRef = F2B5E61B2701C30300C85531 /* WKWebViewUITestsLaunchTests.swift */; };
/* End PBXBuildFile section */

/* Begin PBXContainerItemProxy section */
		F2B5E60C2701C30300C85531 /* PBXContainerItemProxy */ = {
			isa = PBXContainerItemProxy;
			containerPortal = F2B5E5ED2701C30000C85531 /* Project object */;
			proxyType = 1;
			remoteGlobalIDString = F2B5E5F42701C30100C85531;
			remoteInfo = WKWebView;
		};
		F2B5E6162701C30300C85531 /* PBXContainerItemProxy */ = {
			isa = PBXContainerItemProxy;
			containerPortal = F2B5E5ED2701C30000C85531 /* Project object */;
			proxyType = 1;
			remoteGlobalIDString = F2B5E5F42701C30100C85531;
			remoteInfo = WKWebView;
		};
/* End PBXContainerItemProxy section */

/* Begin PBXFileReference section */
		F2A340C5270D9B2D002E7B25 /* ObjectPool.swift */ = {isa = PBXFileReference; lastKnownFileType = sourcecode.swift; path = ObjectPool.swift; sourceTree = "<group>"; };
		F2A340C7270D9D9E002E7B25 /* ObjectPoolController.swift */ = {isa = PBXFileReference; lastKnownFileType = sourcecode.swift; path = ObjectPoolController.swift; sourceTree = "<group>"; };
		F2A340CB270DA0B7002E7B25 /* EventBusController.swift */ = {isa = PBXFileReference; lastKnownFileType = sourcecode.swift; path = EventBusController.swift; sourceTree = "<group>"; };
		F2B5E5F52701C30100C85531 /* WKWebView.app */ = {isa = PBXFileReference; explicitFileType = wrapper.application; includeInIndex = 0; path = WKWebView.app; sourceTree = BUILT_PRODUCTS_DIR; };
		F2B5E5F82701C30100C85531 /* AppDelegate.swift */ = {isa = PBXFileReference; lastKnownFileType = sourcecode.swift; path = AppDelegate.swift; sourceTree = "<group>"; };
		F2B5E5FA2701C30100C85531 /* SceneDelegate.swift */ = {isa = PBXFileReference; lastKnownFileType = sourcecode.swift; path = SceneDelegate.swift; sourceTree = "<group>"; };
		F2B5E5FC2701C30100C85531 /* ViewController.swift */ = {isa = PBXFileReference; lastKnownFileType = sourcecode.swift; path = ViewController.swift; sourceTree = "<group>"; };
		F2B5E5FF2701C30100C85531 /* Base */ = {isa = PBXFileReference; lastKnownFileType = file.storyboard; name = Base; path = Base.lproj/Main.storyboard; sourceTree = "<group>"; };
		F2B5E6012701C30300C85531 /* Assets.xcassets */ = {isa = PBXFileReference; lastKnownFileType = folder.assetcatalog; path = Assets.xcassets; sourceTree = "<group>"; };
		F2B5E6042701C30300C85531 /* Base */ = {isa = PBXFileReference; lastKnownFileType = file.storyboard; name = Base; path = Base.lproj/LaunchScreen.storyboard; sourceTree = "<group>"; };
		F2B5E6062701C30300C85531 /* Info.plist */ = {isa = PBXFileReference; lastKnownFileType = text.plist.xml; path = Info.plist; sourceTree = "<group>"; };
		F2B5E60B2701C30300C85531 /* WKWebViewTests.xctest */ = {isa = PBXFileReference; explicitFileType = wrapper.cfbundle; includeInIndex = 0; path = WKWebViewTests.xctest; sourceTree = BUILT_PRODUCTS_DIR; };
		F2B5E60F2701C30300C85531 /* WKWebViewTests.swift */ = {isa = PBXFileReference; lastKnownFileType = sourcecode.swift; path = WKWebViewTests.swift; sourceTree = "<group>"; };
		F2B5E6152701C30300C85531 /* WKWebViewUITests.xctest */ = {isa = PBXFileReference; explicitFileType = wrapper.cfbundle; includeInIndex = 0; path = WKWebViewUITests.xctest; sourceTree = BUILT_PRODUCTS_DIR; };
		F2B5E6192701C30300C85531 /* WKWebViewUITests.swift */ = {isa = PBXFileReference; lastKnownFileType = sourcecode.swift; path = WKWebViewUITests.swift; sourceTree = "<group>"; };
		F2B5E61B2701C30300C85531 /* WKWebViewUITestsLaunchTests.swift */ = {isa = PBXFileReference; lastKnownFileType = sourcecode.swift; path = WKWebViewUITestsLaunchTests.swift; sourceTree = "<group>"; };
/* End PBXFileReference section */

/* Begin PBXFrameworksBuildPhase section */
		F2B5E5F22701C30100C85531 /* Frameworks */ = {
			isa = PBXFrameworksBuildPhase;
			buildActionMask = 2147483647;
			files = (
			);
			runOnlyForDeploymentPostprocessing = 0;
		};
		F2B5E6082701C30300C85531 /* Frameworks */ = {
			isa = PBXFrameworksBuildPhase;
			buildActionMask = 2147483647;
			files = (
			);
			runOnlyForDeploymentPostprocessing = 0;
		};
		F2B5E6122701C30300C85531 /* Frameworks */ = {
			isa = PBXFrameworksBuildPhase;
			buildActionMask = 2147483647;
			files = (
			);
			runOnlyForDeploymentPostprocessing = 0;
		};
/* End PBXFrameworksBuildPhase section */

/* Begin PBXGroup section */
		F2B5E5EC2701C30000C85531 = {
			isa = PBXGroup;
			children = (
				F2B5E5F72701C30100C85531 /* WKWebView */,
				F2B5E60E2701C30300C85531 /* WKWebViewTests */,
				F2B5E6182701C30300C85531 /* WKWebViewUITests */,
				F2B5E5F62701C30100C85531 /* Products */,
			);
			sourceTree = "<group>";
		};
		F2B5E5F62701C30100C85531 /* Products */ = {
			isa = PBXGroup;
			children = (
				F2B5E5F52701C30100C85531 /* WKWebView.app */,
				F2B5E60B2701C30300C85531 /* WKWebViewTests.xctest */,
				F2B5E6152701C30300C85531 /* WKWebViewUITests.xctest */,
			);
			name = Products;
			sourceTree = "<group>";
		};
		F2B5E5F72701C30100C85531 /* WKWebView */ = {
			isa = PBXGroup;
			children = (
				F2B5E5F82701C30100C85531 /* AppDelegate.swift */,
				F2B5E5FA2701C30100C85531 /* SceneDelegate.swift */,
				F2B5E5FC2701C30100C85531 /* ViewController.swift */,
				F2B5E5FE2701C30100C85531 /* Main.storyboard */,
				F2B5E6012701C30300C85531 /* Assets.xcassets */,
				F2B5E6032701C30300C85531 /* LaunchScreen.storyboard */,
				F2B5E6062701C30300C85531 /* Info.plist */,
				F2A340C5270D9B2D002E7B25 /* ObjectPool.swift */,
				F2A340C7270D9D9E002E7B25 /* ObjectPoolController.swift */,
				F2A340CB270DA0B7002E7B25 /* EventBusController.swift */,
			);
			path = WKWebView;
			sourceTree = "<group>";
		};
		F2B5E60E2701C30300C85531 /* WKWebViewTests */ = {
			isa = PBXGroup;
			children = (
				F2B5E60F2701C30300C85531 /* WKWebViewTests.swift */,
			);
			path = WKWebViewTests;
			sourceTree = "<group>";
		};
		F2B5E6182701C30300C85531 /* WKWebViewUITests */ = {
			isa = PBXGroup;
			children = (
				F2B5E6192701C30300C85531 /* WKWebViewUITests.swift */,
				F2B5E61B2701C30300C85531 /* WKWebViewUITestsLaunchTests.swift */,
			);
			path = WKWebViewUITests;
			sourceTree = "<group>";
		};
/* End PBXGroup section */

/* Begin PBXNativeTarget section */
		F2B5E5F42701C30100C85531 /* WKWebView */ = {
			isa = PBXNativeTarget;
			buildConfigurationList = F2B5E61F2701C30300C85531 /* Build configuration list for PBXNativeTarget "WKWebView" */;
			buildPhases = (
				F2B5E5F12701C30100C85531 /* Sources */,
				F2B5E5F22701C30100C85531 /* Frameworks */,
				F2B5E5F32701C30100C85531 /* Resources */,
			);
			buildRules = (
			);
			dependencies = (
			);
			name = WKWebView;
			productName = WKWebView;
			productReference = F2B5E5F52701C30100C85531 /* WKWebView.app */;
			productType = "com.apple.product-type.application";
		};
		F2B5E60A2701C30300C85531 /* WKWebViewTests */ = {
			isa = PBXNativeTarget;
			buildConfigurationList = F2B5E6222701C30300C85531 /* Build configuration list for PBXNativeTarget "WKWebViewTests" */;
			buildPhases = (
				F2B5E6072701C30300C85531 /* Sources */,
				F2B5E6082701C30300C85531 /* Frameworks */,
				F2B5E6092701C30300C85531 /* Resources */,
			);
			buildRules = (
			);
			dependencies = (
				F2B5E60D2701C30300C85531 /* PBXTargetDependency */,
			);
			name = WKWebViewTests;
			productName = WKWebViewTests;
			productReference = F2B5E60B2701C30300C85531 /* WKWebViewTests.xctest */;
			productType = "com.apple.product-type.bundle.unit-test";
		};
		F2B5E6142701C30300C85531 /* WKWebViewUITests */ = {
			isa = PBXNativeTarget;
			buildConfigurationList = F2B5E6252701C30300C85531 /* Build configuration list for PBXNativeTarget "WKWebViewUITests" */;
			buildPhases = (
				F2B5E6112701C30300C85531 /* Sources */,
				F2B5E6122701C30300C85531 /* Frameworks */,
				F2B5E6132701C30300C85531 /* Resources */,
			);
			buildRules = (
			);
			dependencies = (
				F2B5E6172701C30300C85531 /* PBXTargetDependency */,
			);
			name = WKWebViewUITests;
			productName = WKWebViewUITests;
			productReference = F2B5E6152701C30300C85531 /* WKWebViewUITests.xctest */;
			productType = "com.apple.product-type.bundle.ui-testing";
		};
/* End PBXNativeTarget section */

/* Begin PBXProject section */
		F2B5E5ED2701C30000C85531 /* Project object */ = {
			isa = PBXProject;
			attributes = {
				BuildIndependentTargetsInParallel = 1;
				LastSwiftUpdateCheck = 1300;
				LastUpgradeCheck = 1300;
				TargetAttributes = {
					F2B5E5F42701C30100C85531 = {
						CreatedOnToolsVersion = 13.0;
					};
					F2B5E60A2701C30300C85531 = {
						CreatedOnToolsVersion = 13.0;
						TestTargetID = F2B5E5F42701C30100C85531;
					};
					F2B5E6142701C30300C85531 = {
						CreatedOnToolsVersion = 13.0;
						TestTargetID = F2B5E5F42701C30100C85531;
					};
				};
			};
			buildConfigurationList = F2B5E5F02701C30000C85531 /* Build configuration list for PBXProject "WKWebView" */;
			compatibilityVersion = "Xcode 13.0";
			developmentRegion = en;
			hasScannedForEncodings = 0;
			knownRegions = (
				en,
				Base,
			);
			mainGroup = F2B5E5EC2701C30000C85531;
			productRefGroup = F2B5E5F62701C30100C85531 /* Products */;
			projectDirPath = "";
			projectRoot = "";
			targets = (
				F2B5E5F42701C30100C85531 /* WKWebView */,
				F2B5E60A2701C30300C85531 /* WKWebViewTests */,
				F2B5E6142701C30300C85531 /* WKWebViewUITests */,
			);
		};
/* End PBXProject section */

/* Begin PBXResourcesBuildPhase section */
		F2B5E5F32701C30100C85531 /* Resources */ = {
			isa = PBXResourcesBuildPhase;
			buildActionMask = 2147483647;
			files = (
				F2B5E6052701C30300C85531 /* LaunchScreen.storyboard in Resources */,
				F2B5E6022701C30300C85531 /* Assets.xcassets in Resources */,
				F2B5E6002701C30100C85531 /* Main.storyboard in Resources */,
			);
			runOnlyForDeploymentPostprocessing = 0;
		};
		F2B5E6092701C30300C85531 /* Resources */ = {
			isa = PBXResourcesBuildPhase;
			buildActionMask = 2147483647;
			files = (
			);
			runOnlyForDeploymentPostprocessing = 0;
		};
		F2B5E6132701C30300C85531 /* Resources */ = {
			isa = PBXResourcesBuildPhase;
			buildActionMask = 2147483647;
			files = (
			);
			runOnlyForDeploymentPostprocessing = 0;
		};
/* End PBXResourcesBuildPhase section */

/* Begin PBXSourcesBuildPhase section */
		F2B5E5F12701C30100C85531 /* Sources */ = {
			isa = PBXSourcesBuildPhase;
			buildActionMask = 2147483647;
			files = (
				F2B5E5FD2701C30100C85531 /* ViewController.swift in Sources */,
				F2A340C6270D9B2D002E7B25 /* ObjectPool.swift in Sources */,
				F2B5E5F92701C30100C85531 /* AppDelegate.swift in Sources */,
				F2A340C8270D9D9E002E7B25 /* ObjectPoolController.swift in Sources */,
				F2B5E5FB2701C30100C85531 /* SceneDelegate.swift in Sources */,
				F2A340CC270DA0B7002E7B25 /* EventBusController.swift in Sources */,
			);
			runOnlyForDeploymentPostprocessing = 0;
		};
		F2B5E6072701C30300C85531 /* Sources */ = {
			isa = PBXSourcesBuildPhase;
			buildActionMask = 2147483647;
			files = (
				F2B5E6102701C30300C85531 /* WKWebViewTests.swift in Sources */,
			);
			runOnlyForDeploymentPostprocessing = 0;
		};
		F2B5E6112701C30300C85531 /* Sources */ = {
			isa = PBXSourcesBuildPhase;
			buildActionMask = 2147483647;
			files = (
				F2B5E61C2701C30300C85531 /* WKWebViewUITestsLaunchTests.swift in Sources */,
				F2B5E61A2701C30300C85531 /* WKWebViewUITests.swift in Sources */,
			);
			runOnlyForDeploymentPostprocessing = 0;
		};
/* End PBXSourcesBuildPhase section */

/* Begin PBXTargetDependency section */
		F2B5E60D2701C30300C85531 /* PBXTargetDependency */ = {
			isa = PBXTargetDependency;
			target = F2B5E5F42701C30100C85531 /* WKWebView */;
			targetProxy = F2B5E60C2701C30300C85531 /* PBXContainerItemProxy */;
		};
		F2B5E6172701C30300C85531 /* PBXTargetDependency */ = {
			isa = PBXTargetDependency;
			target = F2B5E5F42701C30100C85531 /* WKWebView */;
			targetProxy = F2B5E6162701C30300C85531 /* PBXContainerItemProxy */;
		};
/* End PBXTargetDependency section */

/* Begin PBXVariantGroup section */
		F2B5E5FE2701C30100C85531 /* Main.storyboard */ = {
			isa = PBXVariantGroup;
			children = (
				F2B5E5FF2701C30100C85531 /* Base */,
			);
			name = Main.storyboard;
			sourceTree = "<group>";
		};
		F2B5E6032701C30300C85531 /* LaunchScreen.storyboard */ = {
			isa = PBXVariantGroup;
			children = (
				F2B5E6042701C30300C85531 /* Base */,
			);
			name = LaunchScreen.storyboard;
			sourceTree = "<group>";
		};
/* End PBXVariantGroup section */

/* Begin XCBuildConfiguration section */
		F2B5E61D2701C30300C85531 /* Debug */ = {
			isa = XCBuildConfiguration;
			buildSettings = {
				ALWAYS_SEARCH_USER_PATHS = NO;
				CLANG_ANALYZER_NONNULL = YES;
				CLANG_ANALYZER_NUMBER_OBJECT_CONVERSION = YES_AGGRESSIVE;
				CLANG_CXX_LANGUAGE_STANDARD = "gnu++17";
				CLANG_CXX_LIBRARY = "libc++";
				CLANG_ENABLE_MODULES = YES;
				CLANG_ENABLE_OBJC_ARC = YES;
				CLANG_ENABLE_OBJC_WEAK = YES;
				CLANG_WARN_BLOCK_CAPTURE_AUTORELEASING = YES;
				CLANG_WARN_BOOL_CONVERSION = YES;
				CLANG_WARN_COMMA = YES;
				CLANG_WARN_CONSTANT_CONVERSION = YES;
				CLANG_WARN_DEPRECATED_OBJC_IMPLEMENTATIONS = YES;
				CLANG_WARN_DIRECT_OBJC_ISA_USAGE = YES_ERROR;
				CLANG_WARN_DOCUMENTATION_COMMENTS = YES;
				CLANG_WARN_EMPTY_BODY = YES;
				CLANG_WARN_ENUM_CONVERSION = YES;
				CLANG_WARN_INFINITE_RECURSION = YES;
				CLANG_WARN_INT_CONVERSION = YES;
				CLANG_WARN_NON_LITERAL_NULL_CONVERSION = YES;
				CLANG_WARN_OBJC_IMPLICIT_RETAIN_SELF = YES;
				CLANG_WARN_OBJC_LITERAL_CONVERSION = YES;
				CLANG_WARN_OBJC_ROOT_CLASS = YES_ERROR;
				CLANG_WARN_QUOTED_INCLUDE_IN_FRAMEWORK_HEADER = YES;
				CLANG_WARN_RANGE_LOOP_ANALYSIS = YES;
				CLANG_WARN_STRICT_PROTOTYPES = YES;
				CLANG_WARN_SUSPICIOUS_MOVE = YES;
				CLANG_WARN_UNGUARDED_AVAILABILITY = YES_AGGRESSIVE;
				CLANG_WARN_UNREACHABLE_CODE = YES;
				CLANG_WARN__DUPLICATE_METHOD_MATCH = YES;
				COPY_PHASE_STRIP = NO;
				DEBUG_INFORMATION_FORMAT = dwarf;
				ENABLE_STRICT_OBJC_MSGSEND = YES;
				ENABLE_TESTABILITY = YES;
				GCC_C_LANGUAGE_STANDARD = gnu11;
				GCC_DYNAMIC_NO_PIC = NO;
				GCC_NO_COMMON_BLOCKS = YES;
				GCC_OPTIMIZATION_LEVEL = 0;
				GCC_PREPROCESSOR_DEFINITIONS = (
					"DEBUG=1",
					"$(inherited)",
				);
				GCC_WARN_64_TO_32_BIT_CONVERSION = YES;
				GCC_WARN_ABOUT_RETURN_TYPE = YES_ERROR;
				GCC_WARN_UNDECLARED_SELECTOR = YES;
				GCC_WARN_UNINITIALIZED_AUTOS = YES_AGGRESSIVE;
				GCC_WARN_UNUSED_FUNCTION = YES;
				GCC_WARN_UNUSED_VARIABLE = YES;
				IPHONEOS_DEPLOYMENT_TARGET = 15.0;
				MTL_ENABLE_DEBUG_INFO = INCLUDE_SOURCE;
				MTL_FAST_MATH = YES;
				ONLY_ACTIVE_ARCH = YES;
				SDKROOT = iphoneos;
				SWIFT_ACTIVE_COMPILATION_CONDITIONS = DEBUG;
				SWIFT_OPTIMIZATION_LEVEL = "-Onone";
			};
			name = Debug;
		};
		F2B5E61E2701C30300C85531 /* Release */ = {
			isa = XCBuildConfiguration;
			buildSettings = {
				ALWAYS_SEARCH_USER_PATHS = NO;
				CLANG_ANALYZER_NONNULL = YES;
				CLANG_ANALYZER_NUMBER_OBJECT_CONVERSION = YES_AGGRESSIVE;
				CLANG_CXX_LANGUAGE_STANDARD = "gnu++17";
				CLANG_CXX_LIBRARY = "libc++";
				CLANG_ENABLE_MODULES = YES;
				CLANG_ENABLE_OBJC_ARC = YES;
				CLANG_ENABLE_OBJC_WEAK = YES;
				CLANG_WARN_BLOCK_CAPTURE_AUTORELEASING = YES;
				CLANG_WARN_BOOL_CONVERSION = YES;
				CLANG_WARN_COMMA = YES;
				CLANG_WARN_CONSTANT_CONVERSION = YES;
				CLANG_WARN_DEPRECATED_OBJC_IMPLEMENTATIONS = YES;
				CLANG_WARN_DIRECT_OBJC_ISA_USAGE = YES_ERROR;
				CLANG_WARN_DOCUMENTATION_COMMENTS = YES;
				CLANG_WARN_EMPTY_BODY = YES;
				CLANG_WARN_ENUM_CONVERSION = YES;
				CLANG_WARN_INFINITE_RECURSION = YES;
				CLANG_WARN_INT_CONVERSION = YES;
				CLANG_WARN_NON_LITERAL_NULL_CONVERSION = YES;
				CLANG_WARN_OBJC_IMPLICIT_RETAIN_SELF = YES;
				CLANG_WARN_OBJC_LITERAL_CONVERSION = YES;
				CLANG_WARN_OBJC_ROOT_CLASS = YES_ERROR;
				CLANG_WARN_QUOTED_INCLUDE_IN_FRAMEWORK_HEADER = YES;
				CLANG_WARN_RANGE_LOOP_ANALYSIS = YES;
				CLANG_WARN_STRICT_PROTOTYPES = YES;
				CLANG_WARN_SUSPICIOUS_MOVE = YES;
				CLANG_WARN_UNGUARDED_AVAILABILITY = YES_AGGRESSIVE;
				CLANG_WARN_UNREACHABLE_CODE = YES;
				CLANG_WARN__DUPLICATE_METHOD_MATCH = YES;
				COPY_PHASE_STRIP = NO;
				DEBUG_INFORMATION_FORMAT = "dwarf-with-dsym";
				ENABLE_NS_ASSERTIONS = NO;
				ENABLE_STRICT_OBJC_MSGSEND = YES;
				GCC_C_LANGUAGE_STANDARD = gnu11;
				GCC_NO_COMMON_BLOCKS = YES;
				GCC_WARN_64_TO_32_BIT_CONVERSION = YES;
				GCC_WARN_ABOUT_RETURN_TYPE = YES_ERROR;
				GCC_WARN_UNDECLARED_SELECTOR = YES;
				GCC_WARN_UNINITIALIZED_AUTOS = YES_AGGRESSIVE;
				GCC_WARN_UNUSED_FUNCTION = YES;
				GCC_WARN_UNUSED_VARIABLE = YES;
				IPHONEOS_DEPLOYMENT_TARGET = 15.0;
				MTL_ENABLE_DEBUG_INFO = NO;
				MTL_FAST_MATH = YES;
				SDKROOT = iphoneos;
				SWIFT_COMPILATION_MODE = wholemodule;
				SWIFT_OPTIMIZATION_LEVEL = "-O";
				VALIDATE_PRODUCT = YES;
			};
			name = Release;
		};
		F2B5E6202701C30300C85531 /* Debug */ = {
			isa = XCBuildConfiguration;
			buildSettings = {
				ASSETCATALOG_COMPILER_APPICON_NAME = AppIcon;
				ASSETCATALOG_COMPILER_GLOBAL_ACCENT_COLOR_NAME = AccentColor;
				CODE_SIGN_STYLE = Automatic;
				CURRENT_PROJECT_VERSION = 1;
				GENERATE_INFOPLIST_FILE = YES;
				INFOPLIST_FILE = WKWebView/Info.plist;
				INFOPLIST_KEY_UIApplicationSupportsIndirectInputEvents = YES;
				INFOPLIST_KEY_UILaunchStoryboardName = LaunchScreen;
				INFOPLIST_KEY_UIMainStoryboardFile = Main;
				INFOPLIST_KEY_UISupportedInterfaceOrientations_iPad = "UIInterfaceOrientationPortrait UIInterfaceOrientationPortraitUpsideDown UIInterfaceOrientationLandscapeLeft UIInterfaceOrientationLandscapeRight";
				INFOPLIST_KEY_UISupportedInterfaceOrientations_iPhone = "UIInterfaceOrientationPortrait UIInterfaceOrientationLandscapeLeft UIInterfaceOrientationLandscapeRight";
				LD_RUNPATH_SEARCH_PATHS = (
					"$(inherited)",
					"@executable_path/Frameworks",
				);
				MARKETING_VERSION = 1.0;
				OTHER_SWIFT_FLAGS = "-Xfrontend -debug-time-function-bodies -Xfrontend -debug-time-expression-type-checking -Xfrontend -warn-long-function-bodies=200 -Xfrontend -warn-long-expression-type-checking=200";
				PRODUCT_BUNDLE_IDENTIFIER = "com.manav.-WKWebView.WKWebView";
				PRODUCT_NAME = "$(TARGET_NAME)";
				SWIFT_EMIT_LOC_STRINGS = YES;
				SWIFT_VERSION = 5.0;
				TARGETED_DEVICE_FAMILY = "1,2";
			};
			name = Debug;
		};
		F2B5E6212701C30300C85531 /* Release */ = {
			isa = XCBuildConfiguration;
			buildSettings = {
				ASSETCATALOG_COMPILER_APPICON_NAME = AppIcon;
				ASSETCATALOG_COMPILER_GLOBAL_ACCENT_COLOR_NAME = AccentColor;
				CODE_SIGN_STYLE = Automatic;
				CURRENT_PROJECT_VERSION = 1;
				GENERATE_INFOPLIST_FILE = YES;
				INFOPLIST_FILE = WKWebView/Info.plist;
				INFOPLIST_KEY_UIApplicationSupportsIndirectInputEvents = YES;
				INFOPLIST_KEY_UILaunchStoryboardName = LaunchScreen;
				INFOPLIST_KEY_UIMainStoryboardFile = Main;
				INFOPLIST_KEY_UISupportedInterfaceOrientations_iPad = "UIInterfaceOrientationPortrait UIInterfaceOrientationPortraitUpsideDown UIInterfaceOrientationLandscapeLeft UIInterfaceOrientationLandscapeRight";
				INFOPLIST_KEY_UISupportedInterfaceOrientations_iPhone = "UIInterfaceOrientationPortrait UIInterfaceOrientationLandscapeLeft UIInterfaceOrientationLandscapeRight";
				LD_RUNPATH_SEARCH_PATHS = (
					"$(inherited)",
					"@executable_path/Frameworks",
				);
				MARKETING_VERSION = 1.0;
				OTHER_SWIFT_FLAGS = "-Xfrontend -debug-time-function-bodies -Xfrontend -debug-time-expression-type-checking -Xfrontend -warn-long-function-bodies=200 -Xfrontend -warn-long-expression-type-checking=200";
				PRODUCT_BUNDLE_IDENTIFIER = "com.manav.-WKWebView.WKWebView";
				PRODUCT_NAME = "$(TARGET_NAME)";
				SWIFT_EMIT_LOC_STRINGS = YES;
				SWIFT_VERSION = 5.0;
				TARGETED_DEVICE_FAMILY = "1,2";
			};
			name = Release;
		};
		F2B5E6232701C30300C85531 /* Debug */ = {
			isa = XCBuildConfiguration;
			buildSettings = {
				ALWAYS_EMBED_SWIFT_STANDARD_LIBRARIES = YES;
				BUNDLE_LOADER = "$(TEST_HOST)";
				CODE_SIGN_STYLE = Automatic;
				CURRENT_PROJECT_VERSION = 1;
				GENERATE_INFOPLIST_FILE = YES;
				IPHONEOS_DEPLOYMENT_TARGET = 15.0;
				LD_RUNPATH_SEARCH_PATHS = (
					"$(inherited)",
					"@executable_path/Frameworks",
					"@loader_path/Frameworks",
				);
				MARKETING_VERSION = 1.0;
				PRODUCT_BUNDLE_IDENTIFIER = "com.manav.-WKWebView.WKWebViewTests";
				PRODUCT_NAME = "$(TARGET_NAME)";
				SWIFT_EMIT_LOC_STRINGS = NO;
				SWIFT_VERSION = 5.0;
				TARGETED_DEVICE_FAMILY = "1,2";
				TEST_HOST = "$(BUILT_PRODUCTS_DIR)/WKWebView.app/WKWebView";
			};
			name = Debug;
		};
		F2B5E6242701C30300C85531 /* Release */ = {
			isa = XCBuildConfiguration;
			buildSettings = {
				ALWAYS_EMBED_SWIFT_STANDARD_LIBRARIES = YES;
				BUNDLE_LOADER = "$(TEST_HOST)";
				CODE_SIGN_STYLE = Automatic;
				CURRENT_PROJECT_VERSION = 1;
				GENERATE_INFOPLIST_FILE = YES;
				IPHONEOS_DEPLOYMENT_TARGET = 15.0;
				LD_RUNPATH_SEARCH_PATHS = (
					"$(inherited)",
					"@executable_path/Frameworks",
					"@loader_path/Frameworks",
				);
				MARKETING_VERSION = 1.0;
				PRODUCT_BUNDLE_IDENTIFIER = "com.manav.-WKWebView.WKWebViewTests";
				PRODUCT_NAME = "$(TARGET_NAME)";
				SWIFT_EMIT_LOC_STRINGS = NO;
				SWIFT_VERSION = 5.0;
				TARGETED_DEVICE_FAMILY = "1,2";
				TEST_HOST = "$(BUILT_PRODUCTS_DIR)/WKWebView.app/WKWebView";
			};
			name = Release;
		};
		F2B5E6262701C30300C85531 /* Debug */ = {
			isa = XCBuildConfiguration;
			buildSettings = {
				ALWAYS_EMBED_SWIFT_STANDARD_LIBRARIES = YES;
				CODE_SIGN_STYLE = Automatic;
				CURRENT_PROJECT_VERSION = 1;
				GENERATE_INFOPLIST_FILE = YES;
				LD_RUNPATH_SEARCH_PATHS = (
					"$(inherited)",
					"@executable_path/Frameworks",
					"@loader_path/Frameworks",
				);
				MARKETING_VERSION = 1.0;
				PRODUCT_BUNDLE_IDENTIFIER = "com.manav.-WKWebView.WKWebViewUITests";
				PRODUCT_NAME = "$(TARGET_NAME)";
				SWIFT_EMIT_LOC_STRINGS = NO;
				SWIFT_VERSION = 5.0;
				TARGETED_DEVICE_FAMILY = "1,2";
				TEST_TARGET_NAME = WKWebView;
			};
			name = Debug;
		};
		F2B5E6272701C30300C85531 /* Release */ = {
			isa = XCBuildConfiguration;
			buildSettings = {
				ALWAYS_EMBED_SWIFT_STANDARD_LIBRARIES = YES;
				CODE_SIGN_STYLE = Automatic;
				CURRENT_PROJECT_VERSION = 1;
				GENERATE_INFOPLIST_FILE = YES;
				LD_RUNPATH_SEARCH_PATHS = (
					"$(inherited)",
					"@executable_path/Frameworks",
					"@loader_path/Frameworks",
				);
				MARKETING_VERSION = 1.0;
				PRODUCT_BUNDLE_IDENTIFIER = "com.manav.-WKWebView.WKWebViewUITests";
				PRODUCT_NAME = "$(TARGET_NAME)";
				SWIFT_EMIT_LOC_STRINGS = NO;
				SWIFT_VERSION = 5.0;
				TARGETED_DEVICE_FAMILY = "1,2";
				TEST_TARGET_NAME = WKWebView;
			};
			name = Release;
		};
/* End XCBuildConfiguration section */

/* Begin XCConfigurationList section */
		F2B5E5F02701C30000C85531 /* Build configuration list for PBXProject "WKWebView" */ = {
			isa = XCConfigurationList;
			buildConfigurations = (
				F2B5E61D2701C30300C85531 /* Debug */,
				F2B5E61E2701C30300C85531 /* Release */,
			);
			defaultConfigurationIsVisible = 0;
			defaultConfigurationName = Release;
		};
		F2B5E61F2701C30300C85531 /* Build configuration list for PBXNativeTarget "WKWebView" */ = {
			isa = XCConfigurationList;
			buildConfigurations = (
				F2B5E6202701C30300C85531 /* Debug */,
				F2B5E6212701C30300C85531 /* Release */,
			);
			defaultConfigurationIsVisible = 0;
			defaultConfigurationName = Release;
		};
		F2B5E6222701C30300C85531 /* Build configuration list for PBXNativeTarget "WKWebViewTests" */ = {
			isa = XCConfigurationList;
			buildConfigurations = (
				F2B5E6232701C30300C85531 /* Debug */,
				F2B5E6242701C30300C85531 /* Release */,
			);
			defaultConfigurationIsVisible = 0;
			defaultConfigurationName = Release;
		};
		F2B5E6252701C30300C85531 /* Build configuration list for PBXNativeTarget "WKWebViewUITests" */ = {
			isa = XCConfigurationList;
			buildConfigurations = (
				F2B5E6262701C30300C85531 /* Debug */,
				F2B5E6272701C30300C85531 /* Release */,
			);
			defaultConfigurationIsVisible = 0;
			defaultConfigurationName = Release;
		};
/* End XCConfigurationList section */
	};
	rootObject = F2B5E5ED2701C30000C85531 /* Project object */;
}
